
Microsoft Visual Studio Solution File, Format Version 12.00
# Visual Studio Version 17
VisualStudioVersion = 17.7.34024.191
MinimumVisualStudioVersion = 10.0.40219.1
Project("{FAE04EC0-301F-11D3-BF4B-00C04F79EFBC}") = "WebDL", "WebDL\WebDL.csproj", "{EA2DADB2-D08B-4AB4-8406-3F635C0A31FB}"
EndProject
Global
	GlobalSection(SolutionConfigurationPlatforms) = preSolution
		Debug|Any CPU = Debug|Any CPU
		Release|Any CPU = Release|Any CPU
	EndGlobalSection
	GlobalSection(ProjectConfigurationPlatforms) = postSolution
		{EA2DADB2-D08B-4AB4-8406-3F635C0A31FB}.Debug|Any CPU.ActiveCfg = Debug|Any CPU
		{EA2DADB2-D08B-4AB4-8406-3F635C0A31FB}.Debug|Any CPU.Build.0 = Debug|Any CPU
		{EA2DADB2-D08B-4AB4-8406-3F635C0A31FB}.Release|Any CPU.ActiveCfg = Release|Any CPU
		{EA2DADB2-D08B-4AB4-8406-3F635C0A31FB}.Release|Any CPU.Build.0 = Release|Any CPU
	EndGlobalSection
	GlobalSection(SolutionProperties) = preSolution
		HideSolutionNode = FALSE
	EndGlobalSection
	GlobalSection(ExtensibilityGlobals) = postSolution
		SolutionGuid = {BD99D4FB-970A-4614-B1C0-5F99F0D31E7F}
	EndGlobalSection
EndGlobal
